
Microsoft Visual Studio Solution File, Format Version 12.00
# Visual Studio 15
VisualStudioVersion = 15.0.28307.572
MinimumVisualStudioVersion = 10.0.40219.1
Project("{9092AA53-FB77-4645-B42D-1CCCA6BD08BD}") = "PracticeApp", "PracticeApp\PracticeApp.njsproj", "{11893876-F7DA-4EF6-96E6-E1D95D579A02}"
EndProject
Global
	GlobalSection(SolutionConfigurationPlatforms) = preSolution
		Debug|Any CPU = Debug|Any CPU
		Release|Any CPU = Release|Any CPU
	EndGlobalSection
	GlobalSection(ProjectConfigurationPlatforms) = postSolution
		{11893876-F7DA-4EF6-96E6-E1D95D579A02}.Debug|Any CPU.ActiveCfg = Debug|Any CPU
		{11893876-F7DA-4EF6-96E6-E1D95D579A02}.Debug|Any CPU.Build.0 = Debug|Any CPU
		{11893876-F7DA-4EF6-96E6-E1D95D579A02}.Release|Any CPU.ActiveCfg = Release|Any CPU
		{11893876-F7DA-4EF6-96E6-E1D95D579A02}.Release|Any CPU.Build.0 = Release|Any CPU
	EndGlobalSection
	GlobalSection(SolutionProperties) = preSolution
		HideSolutionNode = FALSE
	EndGlobalSection
	GlobalSection(ExtensibilityGlobals) = postSolution
		SolutionGuid = {41C36C87-5210-45F1-AB4E-045AC167263F}
	EndGlobalSection
EndGlobal
